
Microsoft Visual Studio Solution File, Format Version 12.00
# Visual Studio Version 17
VisualStudioVersion = 17.9.34728.123
MinimumVisualStudioVersion = 10.0.40219.1
Project("{FAE04EC0-301F-11D3-BF4B-00C04F79EFBC}") = "FailedPreviewer", "FailedPreviewer.csproj", "{EA124D58-52B6-4BB1-A9CE-D1498BE1B446}"
EndProject
Global
	GlobalSection(SolutionConfigurationPlatforms) = preSolution
		Debug|Any CPU = Debug|Any CPU
		Release|Any CPU = Release|Any CPU
	EndGlobalSection
	GlobalSection(ProjectConfigurationPlatforms) = postSolution
		{EA124D58-52B6-4BB1-A9CE-D1498BE1B446}.Debug|Any CPU.ActiveCfg = Debug|Any CPU
		{EA124D58-52B6-4BB1-A9CE-D1498BE1B446}.Debug|Any CPU.Build.0 = Debug|Any CPU
		{EA124D58-52B6-4BB1-A9CE-D1498BE1B446}.Release|Any CPU.ActiveCfg = Release|Any CPU
		{EA124D58-52B6-4BB1-A9CE-D1498BE1B446}.Release|Any CPU.Build.0 = Release|Any CPU
	EndGlobalSection
	GlobalSection(SolutionProperties) = preSolution
		HideSolutionNode = FALSE
	EndGlobalSection
	GlobalSection(ExtensibilityGlobals) = postSolution
		SolutionGuid = {3A5807BC-3DBD-49A8-9E31-8D8F4DE4DA8B}
	EndGlobalSection
EndGlobal
